
Microsoft Visual Studio Solution File, Format Version 12.00
# Visual Studio Version 16
VisualStudioVersion = 16.0.30517.126
MinimumVisualStudioVersion = 10.0.40219.1
Project("{FAE04EC0-301F-11D3-BF4B-00C04F79EFBC}") = "chilelli_linkedlist", "chilelli_linkedlist\chilelli_linkedlist.csproj", "{6567A68D-A2D7-4B73-B031-0FD7B199DBFC}"
EndProject
Global
	GlobalSection(SolutionConfigurationPlatforms) = preSolution
		Debug|Any CPU = Debug|Any CPU
		Release|Any CPU = Release|Any CPU
	EndGlobalSection
	GlobalSection(ProjectConfigurationPlatforms) = postSolution
		{6567A68D-A2D7-4B73-B031-0FD7B199DBFC}.Debug|Any CPU.ActiveCfg = Debug|Any CPU
		{6567A68D-A2D7-4B73-B031-0FD7B199DBFC}.Debug|Any CPU.Build.0 = Debug|Any CPU
		{6567A68D-A2D7-4B73-B031-0FD7B199DBFC}.Release|Any CPU.ActiveCfg = Release|Any CPU
		{6567A68D-A2D7-4B73-B031-0FD7B199DBFC}.Release|Any CPU.Build.0 = Release|Any CPU
	EndGlobalSection
	GlobalSection(SolutionProperties) = preSolution
		HideSolutionNode = FALSE
	EndGlobalSection
	GlobalSection(ExtensibilityGlobals) = postSolution
		SolutionGuid = {F1BC0942-2DCB-4288-9DB0-1312DCD693E8}
	EndGlobalSection
EndGlobal
